
Microsoft Visual Studio Solution File, Format Version 12.00
# Visual Studio Version 17
VisualStudioVersion = 17.12.35506.116 d17.12
MinimumVisualStudioVersion = 10.0.40219.1
Project("{FAE04EC0-301F-11D3-BF4B-00C04F79EFBC}") = "Topic 5 assignment - part three", "Topic 5 assignment - part three\Topic 5 assignment - part three.csproj", "{B4425639-0E63-4C58-A48E-61B26885AAFB}"
EndProject
Global
	GlobalSection(SolutionConfigurationPlatforms) = preSolution
		Debug|Any CPU = Debug|Any CPU
		Release|Any CPU = Release|Any CPU
	EndGlobalSection
	GlobalSection(ProjectConfigurationPlatforms) = postSolution
		{B4425639-0E63-4C58-A48E-61B26885AAFB}.Debug|Any CPU.ActiveCfg = Debug|Any CPU
		{B4425639-0E63-4C58-A48E-61B26885AAFB}.Debug|Any CPU.Build.0 = Debug|Any CPU
		{B4425639-0E63-4C58-A48E-61B26885AAFB}.Release|Any CPU.ActiveCfg = Release|Any CPU
		{B4425639-0E63-4C58-A48E-61B26885AAFB}.Release|Any CPU.Build.0 = Release|Any CPU
	EndGlobalSection
	GlobalSection(SolutionProperties) = preSolution
		HideSolutionNode = FALSE
	EndGlobalSection
EndGlobal
